// !$*UTF8*$!
{
	archiveVersion = 1;
	classes = {
	};
	objectVersion = 77;
	objects = {

/* Begin PBXContainerItemProxy section */
		70F27B972CE5C65000BEDDAD /* PBXContainerItemProxy */ = {
			isa = PBXContainerItemProxy;
			containerPortal = 70F27B7E2CE5C64E00BEDDAD /* Project object */;
			proxyType = 1;
			remoteGlobalIDString = 70F27B852CE5C64E00BEDDAD;
			remoteInfo = Workfolio;
		};
		70F27BA12CE5C65000BEDDAD /* PBXContainerItemProxy */ = {
			isa = PBXContainerItemProxy;
			containerPortal = 70F27B7E2CE5C64E00BEDDAD /* Project object */;
			proxyType = 1;
			remoteGlobalIDString = 70F27B852CE5C64E00BEDDAD;
			remoteInfo = Workfolio;
		};
/* End PBXContainerItemProxy section */

/* Begin PBXFileReference section */
		70F27B862CE5C64E00BEDDAD /* Workfolio.app */ = {isa = PBXFileReference; explicitFileType = wrapper.application; includeInIndex = 0; path = Workfolio.app; sourceTree = BUILT_PRODUCTS_DIR; };
		70F27B962CE5C65000BEDDAD /* WorkfolioTests.xctest */ = {isa = PBXFileReference; explicitFileType = wrapper.cfbundle; includeInIndex = 0; path = WorkfolioTests.xctest; sourceTree = BUILT_PRODUCTS_DIR; };
		70F27BA02CE5C65000BEDDAD /* WorkfolioUITests.xctest */ = {isa = PBXFileReference; explicitFileType = wrapper.cfbundle; includeInIndex = 0; path = WorkfolioUITests.xctest; sourceTree = BUILT_PRODUCTS_DIR; };
/* End PBXFileReference section */

/* Begin PBXFileSystemSynchronizedRootGroup section */
		70F27B882CE5C64E00BEDDAD /* Workfolio */ = {
			isa = PBXFileSystemSynchronizedRootGroup;
			path = Workfolio;
			sourceTree = "<group>";
		};
		70F27B992CE5C65000BEDDAD /* WorkfolioTests */ = {
			isa = PBXFileSystemSynchronizedRootGroup;
			path = WorkfolioTests;
			sourceTree = "<group>";
		};
		70F27BA32CE5C65000BEDDAD /* WorkfolioUITests */ = {
			isa = PBXFileSystemSynchronizedRootGroup;
			path = WorkfolioUITests;
			sourceTree = "<group>";
		};
/* End PBXFileSystemSynchronizedRootGroup section */

/* Begin PBXFrameworksBuildPhase section */
		70F27B832CE5C64E00BEDDAD /* Frameworks */ = {
			isa = PBXFrameworksBuildPhase;
			buildActionMask = 2147483647;
			files = (
			);
			runOnlyForDeploymentPostprocessing = 0;
		};
		70F27B932CE5C65000BEDDAD /* Frameworks */ = {
			isa = PBXFrameworksBuildPhase;
			buildActionMask = 2147483647;
			files = (
			);
			runOnlyForDeploymentPostprocessing = 0;
		};
		70F27B9D2CE5C65000BEDDAD /* Frameworks */ = {
			isa = PBXFrameworksBuildPhase;
			buildActionMask = 2147483647;
			files = (
			);
			runOnlyForDeploymentPostprocessing = 0;
		};
/* End PBXFrameworksBuildPhase section */

/* Begin PBXGroup section */
		70F27B7D2CE5C64E00BEDDAD = {
			isa = PBXGroup;
			children = (
				70F27B882CE5C64E00BEDDAD /* Workfolio */,
				70F27B992CE5C65000BEDDAD /* WorkfolioTests */,
				70F27BA32CE5C65000BEDDAD /* WorkfolioUITests */,
				70F27B872CE5C64E00BEDDAD /* Products */,
			);
			sourceTree = "<group>";
		};
		70F27B872CE5C64E00BEDDAD /* Products */ = {
			isa = PBXGroup;
			children = (
				70F27B862CE5C64E00BEDDAD /* Workfolio.app */,
				70F27B962CE5C65000BEDDAD /* WorkfolioTests.xctest */,
				70F27BA02CE5C65000BEDDAD /* WorkfolioUITests.xctest */,
			);
			name = Products;
			sourceTree = "<group>";
		};
/* End PBXGroup section */

/* Begin PBXNativeTarget section */
		70F27B852CE5C64E00BEDDAD /* Workfolio */ = {
			isa = PBXNativeTarget;
			buildConfigurationList = 70F27BAA2CE5C65000BEDDAD /* Build configuration list for PBXNativeTarget "Workfolio" */;
			buildPhases = (
				70F27B822CE5C64E00BEDDAD /* Sources */,
				70F27B832CE5C64E00BEDDAD /* Frameworks */,
				70F27B842CE5C64E00BEDDAD /* Resources */,
			);
			buildRules = (
			);
			dependencies = (
			);
			fileSystemSynchronizedGroups = (
				70F27B882CE5C64E00BEDDAD /* Workfolio */,
			);
			name = Workfolio;
			packageProductDependencies = (
			);
			productName = Workfolio;
			productReference = 70F27B862CE5C64E00BEDDAD /* Workfolio.app */;
			productType = "com.apple.product-type.application";
		};
		70F27B952CE5C65000BEDDAD /* WorkfolioTests */ = {
			isa = PBXNativeTarget;
			buildConfigurationList = 70F27BAD2CE5C65000BEDDAD /* Build configuration list for PBXNativeTarget "WorkfolioTests" */;
			buildPhases = (
				70F27B922CE5C65000BEDDAD /* Sources */,
				70F27B932CE5C65000BEDDAD /* Frameworks */,
				70F27B942CE5C65000BEDDAD /* Resources */,
			);
			buildRules = (
			);
			dependencies = (
				70F27B982CE5C65000BEDDAD /* PBXTargetDependency */,
			);
			fileSystemSynchronizedGroups = (
				70F27B992CE5C65000BEDDAD /* WorkfolioTests */,
			);
			name = WorkfolioTests;
			packageProductDependencies = (
			);
			productName = WorkfolioTests;
			productReference = 70F27B962CE5C65000BEDDAD /* WorkfolioTests.xctest */;
			productType = "com.apple.product-type.bundle.unit-test";
		};
		70F27B9F2CE5C65000BEDDAD /* WorkfolioUITests */ = {
			isa = PBXNativeTarget;
			buildConfigurationList = 70F27BB02CE5C65000BEDDAD /* Build configuration list for PBXNativeTarget "WorkfolioUITests" */;
			buildPhases = (
				70F27B9C2CE5C65000BEDDAD /* Sources */,
				70F27B9D2CE5C65000BEDDAD /* Frameworks */,
				70F27B9E2CE5C65000BEDDAD /* Resources */,
			);
			buildRules = (
			);
			dependencies = (
				70F27BA22CE5C65000BEDDAD /* PBXTargetDependency */,
			);
			fileSystemSynchronizedGroups = (
				70F27BA32CE5C65000BEDDAD /* WorkfolioUITests */,
			);
			name = WorkfolioUITests;
			packageProductDependencies = (
			);
			productName = WorkfolioUITests;
			productReference = 70F27BA02CE5C65000BEDDAD /* WorkfolioUITests.xctest */;
			productType = "com.apple.product-type.bundle.ui-testing";
		};
/* End PBXNativeTarget section */

/* Begin PBXProject section */
		70F27B7E2CE5C64E00BEDDAD /* Project object */ = {
			isa = PBXProject;
			attributes = {
				BuildIndependentTargetsInParallel = 1;
				LastSwiftUpdateCheck = 1600;
				LastUpgradeCheck = 1600;
				TargetAttributes = {
					70F27B852CE5C64E00BEDDAD = {
						CreatedOnToolsVersion = 16.0;
					};
					70F27B952CE5C65000BEDDAD = {
						CreatedOnToolsVersion = 16.0;
						TestTargetID = 70F27B852CE5C64E00BEDDAD;
					};
					70F27B9F2CE5C65000BEDDAD = {
						CreatedOnToolsVersion = 16.0;
						TestTargetID = 70F27B852CE5C64E00BEDDAD;
					};
				};
			};
			buildConfigurationList = 70F27B812CE5C64E00BEDDAD /* Build configuration list for PBXProject "Workfolio" */;
			developmentRegion = en;
			hasScannedForEncodings = 0;
			knownRegions = (
				en,
				Base,
			);
			mainGroup = 70F27B7D2CE5C64E00BEDDAD;
			minimizedProjectReferenceProxies = 1;
			preferredProjectObjectVersion = 77;
			productRefGroup = 70F27B872CE5C64E00BEDDAD /* Products */;
			projectDirPath = "";
			projectRoot = "";
			targets = (
				70F27B852CE5C64E00BEDDAD /* Workfolio */,
				70F27B952CE5C65000BEDDAD /* WorkfolioTests */,
				70F27B9F2CE5C65000BEDDAD /* WorkfolioUITests */,
			);
		};
/* End PBXProject section */

/* Begin PBXResourcesBuildPhase section */
		70F27B842CE5C64E00BEDDAD /* Resources */ = {
			isa = PBXResourcesBuildPhase;
			buildActionMask = 2147483647;
			files = (
			);
			runOnlyForDeploymentPostprocessing = 0;
		};
		70F27B942CE5C65000BEDDAD /* Resources */ = {
			isa = PBXResourcesBuildPhase;
			buildActionMask = 2147483647;
			files = (
			);
			runOnlyForDeploymentPostprocessing = 0;
		};
		70F27B9E2CE5C65000BEDDAD /* Resources */ = {
			isa = PBXResourcesBuildPhase;
			buildActionMask = 2147483647;
			files = (
			);
			runOnlyForDeploymentPostprocessing = 0;
		};
/* End PBXResourcesBuildPhase section */

/* Begin PBXSourcesBuildPhase section */
		70F27B822CE5C64E00BEDDAD /* Sources */ = {
			isa = PBXSourcesBuildPhase;
			buildActionMask = 2147483647;
			files = (
			);
			runOnlyForDeploymentPostprocessing = 0;
		};
		70F27B922CE5C65000BEDDAD /* Sources */ = {
			isa = PBXSourcesBuildPhase;
			buildActionMask = 2147483647;
			files = (
			);
			runOnlyForDeploymentPostprocessing = 0;
		};
		70F27B9C2CE5C65000BEDDAD /* Sources */ = {
			isa = PBXSourcesBuildPhase;
			buildActionMask = 2147483647;
			files = (
			);
			runOnlyForDeploymentPostprocessing = 0;
		};
/* End PBXSourcesBuildPhase section */

/* Begin PBXTargetDependency section */
		70F27B982CE5C65000BEDDAD /* PBXTargetDependency */ = {
			isa = PBXTargetDependency;
			target = 70F27B852CE5C64E00BEDDAD /* Workfolio */;
			targetProxy = 70F27B972CE5C65000BEDDAD /* PBXContainerItemProxy */;
		};
		70F27BA22CE5C65000BEDDAD /* PBXTargetDependency */ = {
			isa = PBXTargetDependency;
			target = 70F27B852CE5C64E00BEDDAD /* Workfolio */;
			targetProxy = 70F27BA12CE5C65000BEDDAD /* PBXContainerItemProxy */;
		};
/* End PBXTargetDependency section */

/* Begin XCBuildConfiguration section */
		70F27BA82CE5C65000BEDDAD /* Debug */ = {
			isa = XCBuildConfiguration;
			buildSettings = {
				ALWAYS_SEARCH_USER_PATHS = NO;
				ASSETCATALOG_COMPILER_GENERATE_SWIFT_ASSET_SYMBOL_EXTENSIONS = YES;
				CLANG_ANALYZER_NONNULL = YES;
				CLANG_ANALYZER_NUMBER_OBJECT_CONVERSION = YES_AGGRESSIVE;
				CLANG_CXX_LANGUAGE_STANDARD = "gnu++20";
				CLANG_ENABLE_MODULES = YES;
				CLANG_ENABLE_OBJC_ARC = YES;
				CLANG_ENABLE_OBJC_WEAK = YES;
				CLANG_WARN_BLOCK_CAPTURE_AUTORELEASING = YES;
				CLANG_WARN_BOOL_CONVERSION = YES;
				CLANG_WARN_COMMA = YES;
				CLANG_WARN_CONSTANT_CONVERSION = YES;
				CLANG_WARN_DEPRECATED_OBJC_IMPLEMENTATIONS = YES;
				CLANG_WARN_DIRECT_OBJC_ISA_USAGE = YES_ERROR;
				CLANG_WARN_DOCUMENTATION_COMMENTS = YES;
				CLANG_WARN_EMPTY_BODY = YES;
				CLANG_WARN_ENUM_CONVERSION = YES;
				CLANG_WARN_INFINITE_RECURSION = YES;
				CLANG_WARN_INT_CONVERSION = YES;
				CLANG_WARN_NON_LITERAL_NULL_CONVERSION = YES;
				CLANG_WARN_OBJC_IMPLICIT_RETAIN_SELF = YES;
				CLANG_WARN_OBJC_LITERAL_CONVERSION = YES;
				CLANG_WARN_OBJC_ROOT_CLASS = YES_ERROR;
				CLANG_WARN_QUOTED_INCLUDE_IN_FRAMEWORK_HEADER = YES;
				CLANG_WARN_RANGE_LOOP_ANALYSIS = YES;
				CLANG_WARN_STRICT_PROTOTYPES = YES;
				CLANG_WARN_SUSPICIOUS_MOVE = YES;
				CLANG_WARN_UNGUARDED_AVAILABILITY = YES_AGGRESSIVE;
				CLANG_WARN_UNREACHABLE_CODE = YES;
				CLANG_WARN__DUPLICATE_METHOD_MATCH = YES;
				COPY_PHASE_STRIP = NO;
				DEBUG_INFORMATION_FORMAT = dwarf;
				ENABLE_STRICT_OBJC_MSGSEND = YES;
				ENABLE_TESTABILITY = YES;
				ENABLE_USER_SCRIPT_SANDBOXING = YES;
				GCC_C_LANGUAGE_STANDARD = gnu17;
				GCC_DYNAMIC_NO_PIC = NO;
				GCC_NO_COMMON_BLOCKS = YES;
				GCC_OPTIMIZATION_LEVEL = 0;
				GCC_PREPROCESSOR_DEFINITIONS = (
					"DEBUG=1",
					"$(inherited)",
				);
				GCC_WARN_64_TO_32_BIT_CONVERSION = YES;
				GCC_WARN_ABOUT_RETURN_TYPE = YES_ERROR;
				GCC_WARN_UNDECLARED_SELECTOR = YES;
				GCC_WARN_UNINITIALIZED_AUTOS = YES_AGGRESSIVE;
				GCC_WARN_UNUSED_FUNCTION = YES;
				GCC_WARN_UNUSED_VARIABLE = YES;
				IPHONEOS_DEPLOYMENT_TARGET = 18.0;
				LOCALIZATION_PREFERS_STRING_CATALOGS = YES;
				MTL_ENABLE_DEBUG_INFO = INCLUDE_SOURCE;
				MTL_FAST_MATH = YES;
				ONLY_ACTIVE_ARCH = YES;
				SDKROOT = iphoneos;
				SWIFT_ACTIVE_COMPILATION_CONDITIONS = "DEBUG $(inherited)";
				SWIFT_OPTIMIZATION_LEVEL = "-Onone";
			};
			name = Debug;
		};
		70F27BA92CE5C65000BEDDAD /* Release */ = {
			isa = XCBuildConfiguration;
			buildSettings = {
				ALWAYS_SEARCH_USER_PATHS = NO;
				ASSETCATALOG_COMPILER_GENERATE_SWIFT_ASSET_SYMBOL_EXTENSIONS = YES;
				CLANG_ANALYZER_NONNULL = YES;
				CLANG_ANALYZER_NUMBER_OBJECT_CONVERSION = YES_AGGRESSIVE;
				CLANG_CXX_LANGUAGE_STANDARD = "gnu++20";
				CLANG_ENABLE_MODULES = YES;
				CLANG_ENABLE_OBJC_ARC = YES;
				CLANG_ENABLE_OBJC_WEAK = YES;
				CLANG_WARN_BLOCK_CAPTURE_AUTORELEASING = YES;
				CLANG_WARN_BOOL_CONVERSION = YES;
				CLANG_WARN_COMMA = YES;
				CLANG_WARN_CONSTANT_CONVERSION = YES;
				CLANG_WARN_DEPRECATED_OBJC_IMPLEMENTATIONS = YES;
				CLANG_WARN_DIRECT_OBJC_ISA_USAGE = YES_ERROR;
				CLANG_WARN_DOCUMENTATION_COMMENTS = YES;
				CLANG_WARN_EMPTY_BODY = YES;
				CLANG_WARN_ENUM_CONVERSION = YES;
				CLANG_WARN_INFINITE_RECURSION = YES;
				CLANG_WARN_INT_CONVERSION = YES;
				CLANG_WARN_NON_LITERAL_NULL_CONVERSION = YES;
				CLANG_WARN_OBJC_IMPLICIT_RETAIN_SELF = YES;
				CLANG_WARN_OBJC_LITERAL_CONVERSION = YES;
				CLANG_WARN_OBJC_ROOT_CLASS = YES_ERROR;
				CLANG_WARN_QUOTED_INCLUDE_IN_FRAMEWORK_HEADER = YES;
				CLANG_WARN_RANGE_LOOP_ANALYSIS = YES;
				CLANG_WARN_STRICT_PROTOTYPES = YES;
				CLANG_WARN_SUSPICIOUS_MOVE = YES;
				CLANG_WARN_UNGUARDED_AVAILABILITY = YES_AGGRESSIVE;
				CLANG_WARN_UNREACHABLE_CODE = YES;
				CLANG_WARN__DUPLICATE_METHOD_MATCH = YES;
				COPY_PHASE_STRIP = NO;
				DEBUG_INFORMATION_FORMAT = "dwarf-with-dsym";
				ENABLE_NS_ASSERTIONS = NO;
				ENABLE_STRICT_OBJC_MSGSEND = YES;
				ENABLE_USER_SCRIPT_SANDBOXING = YES;
				GCC_C_LANGUAGE_STANDARD = gnu17;
				GCC_NO_COMMON_BLOCKS = YES;
				GCC_WARN_64_TO_32_BIT_CONVERSION = YES;
				GCC_WARN_ABOUT_RETURN_TYPE = YES_ERROR;
				GCC_WARN_UNDECLARED_SELECTOR = YES;
				GCC_WARN_UNINITIALIZED_AUTOS = YES_AGGRESSIVE;
				GCC_WARN_UNUSED_FUNCTION = YES;
				GCC_WARN_UNUSED_VARIABLE = YES;
				IPHONEOS_DEPLOYMENT_TARGET = 18.0;
				LOCALIZATION_PREFERS_STRING_CATALOGS = YES;
				MTL_ENABLE_DEBUG_INFO = NO;
				MTL_FAST_MATH = YES;
				SDKROOT = iphoneos;
				SWIFT_COMPILATION_MODE = wholemodule;
				VALIDATE_PRODUCT = YES;
			};
			name = Release;
		};
		70F27BAB2CE5C65000BEDDAD /* Debug */ = {
			isa = XCBuildConfiguration;
			buildSettings = {
				ASSETCATALOG_COMPILER_APPICON_NAME = AppIcon;
				ASSETCATALOG_COMPILER_GLOBAL_ACCENT_COLOR_NAME = AccentColor;
				CODE_SIGN_STYLE = Automatic;
				CURRENT_PROJECT_VERSION = 1;
				DEVELOPMENT_ASSET_PATHS = "\"Workfolio/Preview Content\"";
				DEVELOPMENT_TEAM = T49339QP9C;
				ENABLE_PREVIEWS = YES;
				GENERATE_INFOPLIST_FILE = YES;
				INFOPLIST_KEY_UIApplicationSceneManifest_Generation = YES;
				INFOPLIST_KEY_UIApplicationSupportsIndirectInputEvents = YES;
				INFOPLIST_KEY_UILaunchScreen_Generation = YES;
				INFOPLIST_KEY_UISupportedInterfaceOrientations_iPad = "UIInterfaceOrientationPortrait UIInterfaceOrientationPortraitUpsideDown UIInterfaceOrientationLandscapeLeft UIInterfaceOrientationLandscapeRight";
				INFOPLIST_KEY_UISupportedInterfaceOrientations_iPhone = "UIInterfaceOrientationPortrait UIInterfaceOrientationLandscapeLeft UIInterfaceOrientationLandscapeRight";
				LD_RUNPATH_SEARCH_PATHS = (
					"$(inherited)",
					"@executable_path/Frameworks",
				);
				MARKETING_VERSION = 1.0;
				PRODUCT_BUNDLE_IDENTIFIER = com.robmgl.Workfolio;
				PRODUCT_NAME = "$(TARGET_NAME)";
				SWIFT_EMIT_LOC_STRINGS = YES;
				SWIFT_VERSION = 5.0;
				TARGETED_DEVICE_FAMILY = "1,2";
			};
			name = Debug;
		};
		70F27BAC2CE5C65000BEDDAD /* Release */ = {
			isa = XCBuildConfiguration;
			buildSettings = {
				ASSETCATALOG_COMPILER_APPICON_NAME = AppIcon;
				ASSETCATALOG_COMPILER_GLOBAL_ACCENT_COLOR_NAME = AccentColor;
				CODE_SIGN_STYLE = Automatic;
				CURRENT_PROJECT_VERSION = 1;
				DEVELOPMENT_ASSET_PATHS = "\"Workfolio/Preview Content\"";
				DEVELOPMENT_TEAM = T49339QP9C;
				ENABLE_PREVIEWS = YES;
				GENERATE_INFOPLIST_FILE = YES;
				INFOPLIST_KEY_UIApplicationSceneManifest_Generation = YES;
				INFOPLIST_KEY_UIApplicationSupportsIndirectInputEvents = YES;
				INFOPLIST_KEY_UILaunchScreen_Generation = YES;
				INFOPLIST_KEY_UISupportedInterfaceOrientations_iPad = "UIInterfaceOrientationPortrait UIInterfaceOrientationPortraitUpsideDown UIInterfaceOrientationLandscapeLeft UIInterfaceOrientationLandscapeRight";
				INFOPLIST_KEY_UISupportedInterfaceOrientations_iPhone = "UIInterfaceOrientationPortrait UIInterfaceOrientationLandscapeLeft UIInterfaceOrientationLandscapeRight";
				LD_RUNPATH_SEARCH_PATHS = (
					"$(inherited)",
					"@executable_path/Frameworks",
				);
				MARKETING_VERSION = 1.0;
				PRODUCT_BUNDLE_IDENTIFIER = com.robmgl.Workfolio;
				PRODUCT_NAME = "$(TARGET_NAME)";
				SWIFT_EMIT_LOC_STRINGS = YES;
				SWIFT_VERSION = 5.0;
				TARGETED_DEVICE_FAMILY = "1,2";
			};
			name = Release;
		};
		70F27BAE2CE5C65000BEDDAD /* Debug */ = {
			isa = XCBuildConfiguration;
			buildSettings = {
				BUNDLE_LOADER = "$(TEST_HOST)";
				CODE_SIGN_STYLE = Automatic;
				CURRENT_PROJECT_VERSION = 1;
				DEVELOPMENT_TEAM = T49339QP9C;
				GENERATE_INFOPLIST_FILE = YES;
				IPHONEOS_DEPLOYMENT_TARGET = 18.0;
				MARKETING_VERSION = 1.0;
				PRODUCT_BUNDLE_IDENTIFIER = com.robmgl.WorkfolioTests;
				PRODUCT_NAME = "$(TARGET_NAME)";
				SWIFT_EMIT_LOC_STRINGS = NO;
				SWIFT_VERSION = 5.0;
				TARGETED_DEVICE_FAMILY = "1,2";
				TEST_HOST = "$(BUILT_PRODUCTS_DIR)/Workfolio.app/$(BUNDLE_EXECUTABLE_FOLDER_PATH)/Workfolio";
			};
			name = Debug;
		};
		70F27BAF2CE5C65000BEDDAD /* Release */ = {
			isa = XCBuildConfiguration;
			buildSettings = {
				BUNDLE_LOADER = "$(TEST_HOST)";
				CODE_SIGN_STYLE = Automatic;
				CURRENT_PROJECT_VERSION = 1;
				DEVELOPMENT_TEAM = T49339QP9C;
				GENERATE_INFOPLIST_FILE = YES;
				IPHONEOS_DEPLOYMENT_TARGET = 18.0;
				MARKETING_VERSION = 1.0;
				PRODUCT_BUNDLE_IDENTIFIER = com.robmgl.WorkfolioTests;
				PRODUCT_NAME = "$(TARGET_NAME)";
				SWIFT_EMIT_LOC_STRINGS = NO;
				SWIFT_VERSION = 5.0;
				TARGETED_DEVICE_FAMILY = "1,2";
				TEST_HOST = "$(BUILT_PRODUCTS_DIR)/Workfolio.app/$(BUNDLE_EXECUTABLE_FOLDER_PATH)/Workfolio";
			};
			name = Release;
		};
		70F27BB12CE5C65000BEDDAD /* Debug */ = {
			isa = XCBuildConfiguration;
			buildSettings = {
				CODE_SIGN_STYLE = Automatic;
				CURRENT_PROJECT_VERSION = 1;
				DEVELOPMENT_TEAM = T49339QP9C;
				GENERATE_INFOPLIST_FILE = YES;
				MARKETING_VERSION = 1.0;
				PRODUCT_BUNDLE_IDENTIFIER = com.robmgl.WorkfolioUITests;
				PRODUCT_NAME = "$(TARGET_NAME)";
				SWIFT_EMIT_LOC_STRINGS = NO;
				SWIFT_VERSION = 5.0;
				TARGETED_DEVICE_FAMILY = "1,2";
				TEST_TARGET_NAME = Workfolio;
			};
			name = Debug;
		};
		70F27BB22CE5C65000BEDDAD /* Release */ = {
			isa = XCBuildConfiguration;
			buildSettings = {
				CODE_SIGN_STYLE = Automatic;
				CURRENT_PROJECT_VERSION = 1;
				DEVELOPMENT_TEAM = T49339QP9C;
				GENERATE_INFOPLIST_FILE = YES;
				MARKETING_VERSION = 1.0;
				PRODUCT_BUNDLE_IDENTIFIER = com.robmgl.WorkfolioUITests;
				PRODUCT_NAME = "$(TARGET_NAME)";
				SWIFT_EMIT_LOC_STRINGS = NO;
				SWIFT_VERSION = 5.0;
				TARGETED_DEVICE_FAMILY = "1,2";
				TEST_TARGET_NAME = Workfolio;
			};
			name = Release;
		};
/* End XCBuildConfiguration section */

/* Begin XCConfigurationList section */
		70F27B812CE5C64E00BEDDAD /* Build configuration list for PBXProject "Workfolio" */ = {
			isa = XCConfigurationList;
			buildConfigurations = (
				70F27BA82CE5C65000BEDDAD /* Debug */,
				70F27BA92CE5C65000BEDDAD /* Release */,
			);
			defaultConfigurationIsVisible = 0;
			defaultConfigurationName = Release;
		};
		70F27BAA2CE5C65000BEDDAD /* Build configuration list for PBXNativeTarget "Workfolio" */ = {
			isa = XCConfigurationList;
			buildConfigurations = (
				70F27BAB2CE5C65000BEDDAD /* Debug */,
				70F27BAC2CE5C65000BEDDAD /* Release */,
			);
			defaultConfigurationIsVisible = 0;
			defaultConfigurationName = Release;
		};
		70F27BAD2CE5C65000BEDDAD /* Build configuration list for PBXNativeTarget "WorkfolioTests" */ = {
			isa = XCConfigurationList;
			buildConfigurations = (
				70F27BAE2CE5C65000BEDDAD /* Debug */,
				70F27BAF2CE5C65000BEDDAD /* Release */,
			);
			defaultConfigurationIsVisible = 0;
			defaultConfigurationName = Release;
		};
		70F27BB02CE5C65000BEDDAD /* Build configuration list for PBXNativeTarget "WorkfolioUITests" */ = {
			isa = XCConfigurationList;
			buildConfigurations = (
				70F27BB12CE5C65000BEDDAD /* Debug */,
				70F27BB22CE5C65000BEDDAD /* Release */,
			);
			defaultConfigurationIsVisible = 0;
			defaultConfigurationName = Release;
		};
/* End XCConfigurationList section */
	};
	rootObject = 70F27B7E2CE5C64E00BEDDAD /* Project object */;
}
